
Microsoft Visual Studio Solution File, Format Version 12.00
# Visual Studio Version 17
VisualStudioVersion = 17.5.33627.172
MinimumVisualStudioVersion = 10.0.40219.1
Project("{FAE04EC0-301F-11D3-BF4B-00C04F79EFBC}") = "zadanie 5", "zadanie 5\zadanie 5.csproj", "{3053ADB8-28C1-4C21-B5ED-6115A13611B7}"
EndProject
Global
	GlobalSection(SolutionConfigurationPlatforms) = preSolution
		Debug|Any CPU = Debug|Any CPU
		Release|Any CPU = Release|Any CPU
	EndGlobalSection
	GlobalSection(ProjectConfigurationPlatforms) = postSolution
		{3053ADB8-28C1-4C21-B5ED-6115A13611B7}.Debug|Any CPU.ActiveCfg = Debug|Any CPU
		{3053ADB8-28C1-4C21-B5ED-6115A13611B7}.Debug|Any CPU.Build.0 = Debug|Any CPU
		{3053ADB8-28C1-4C21-B5ED-6115A13611B7}.Release|Any CPU.ActiveCfg = Release|Any CPU
		{3053ADB8-28C1-4C21-B5ED-6115A13611B7}.Release|Any CPU.Build.0 = Release|Any CPU
	EndGlobalSection
	GlobalSection(SolutionProperties) = preSolution
		HideSolutionNode = FALSE
	EndGlobalSection
	GlobalSection(ExtensibilityGlobals) = postSolution
		SolutionGuid = {ECBE75A4-EE48-4605-A644-070E4EC6D44C}
	EndGlobalSection
EndGlobal
