
Microsoft Visual Studio Solution File, Format Version 12.00
# Visual Studio Version 17
VisualStudioVersion = 17.5.33627.172
MinimumVisualStudioVersion = 10.0.40219.1
Project("{FAE04EC0-301F-11D3-BF4B-00C04F79EFBC}") = "tablice zadanie 5", "tablice zadanie 5\tablice zadanie 5.csproj", "{7DD51854-3898-4AA7-B676-CFA2F00DE76A}"
EndProject
Global
	GlobalSection(SolutionConfigurationPlatforms) = preSolution
		Debug|Any CPU = Debug|Any CPU
		Release|Any CPU = Release|Any CPU
	EndGlobalSection
	GlobalSection(ProjectConfigurationPlatforms) = postSolution
		{7DD51854-3898-4AA7-B676-CFA2F00DE76A}.Debug|Any CPU.ActiveCfg = Debug|Any CPU
		{7DD51854-3898-4AA7-B676-CFA2F00DE76A}.Debug|Any CPU.Build.0 = Debug|Any CPU
		{7DD51854-3898-4AA7-B676-CFA2F00DE76A}.Release|Any CPU.ActiveCfg = Release|Any CPU
		{7DD51854-3898-4AA7-B676-CFA2F00DE76A}.Release|Any CPU.Build.0 = Release|Any CPU
	EndGlobalSection
	GlobalSection(SolutionProperties) = preSolution
		HideSolutionNode = FALSE
	EndGlobalSection
	GlobalSection(ExtensibilityGlobals) = postSolution
		SolutionGuid = {D0EB9B57-AB24-4DA5-ADF8-6C3649C92408}
	EndGlobalSection
EndGlobal
